
Microsoft Visual Studio Solution File, Format Version 12.00
# Visual Studio Version 16
VisualStudioVersion = 16.0.30330.147
MinimumVisualStudioVersion = 10.0.40219.1
Project("{9A19103F-16F7-4668-BE54-9A1E7A4F7556}") = "Client.Blazor", "Client.Blazor\Client.Blazor.csproj", "{9FE15960-AF7B-4A10-B602-6D793DCB1DFE}"
EndProject
Project("{9A19103F-16F7-4668-BE54-9A1E7A4F7556}") = "Agridea.ProductInfo", "Agridea.ProductInfo\Agridea.ProductInfo.csproj", "{CFB7652F-CF7F-45EA-AC67-22CB352B9F69}"
EndProject
Project("{2150E333-8FDC-42A3-9474-1A3956D46DE8}") = "Solution Items", "Solution Items", "{BE7D6FD7-1C72-48DB-806A-3CEF6C9223B5}"
	ProjectSection(SolutionItems) = preProject
		README.md = README.md
		Update-ProducInfo.ps1 = Update-ProducInfo.ps1
	EndProjectSection
EndProject
Project("{9A19103F-16F7-4668-BE54-9A1E7A4F7556}") = "Agridea.DomainDrivenDesign", "Agridea.DomainDrivenDesign\Agridea.DomainDrivenDesign.csproj", "{A6E2E3DF-478D-4764-BE31-15364295611E}"
EndProject
Project("{9A19103F-16F7-4668-BE54-9A1E7A4F7556}") = "Shared.Domain", "Shared.Domain\Shared.Domain.csproj", "{E728F480-BBDD-4B0B-A8B7-5234E097348B}"
EndProject
Project("{9A19103F-16F7-4668-BE54-9A1E7A4F7556}") = "Shared.ApplicationServices", "Shared.ApplicationServices\Shared.ApplicationServices.csproj", "{54E3D2E2-5904-431C-8EED-C6D3943F2437}"
EndProject
Project("{FAE04EC0-301F-11D3-BF4B-00C04F79EFBC}") = "Shared.Domain.Tests", "Shared.Domain.Tests\Shared.Domain.Tests.csproj", "{008B5532-DACD-4BF1-A306-8F4151D99635}"
EndProject
Global
	GlobalSection(SolutionConfigurationPlatforms) = preSolution
		Debug|Any CPU = Debug|Any CPU
		Release|Any CPU = Release|Any CPU
	EndGlobalSection
	GlobalSection(ProjectConfigurationPlatforms) = postSolution
		{9FE15960-AF7B-4A10-B602-6D793DCB1DFE}.Debug|Any CPU.ActiveCfg = Debug|Any CPU
		{9FE15960-AF7B-4A10-B602-6D793DCB1DFE}.Debug|Any CPU.Build.0 = Debug|Any CPU
		{9FE15960-AF7B-4A10-B602-6D793DCB1DFE}.Release|Any CPU.ActiveCfg = Release|Any CPU
		{9FE15960-AF7B-4A10-B602-6D793DCB1DFE}.Release|Any CPU.Build.0 = Release|Any CPU
		{CFB7652F-CF7F-45EA-AC67-22CB352B9F69}.Debug|Any CPU.ActiveCfg = Debug|Any CPU
		{CFB7652F-CF7F-45EA-AC67-22CB352B9F69}.Debug|Any CPU.Build.0 = Debug|Any CPU
		{CFB7652F-CF7F-45EA-AC67-22CB352B9F69}.Release|Any CPU.ActiveCfg = Release|Any CPU
		{CFB7652F-CF7F-45EA-AC67-22CB352B9F69}.Release|Any CPU.Build.0 = Release|Any CPU
		{A6E2E3DF-478D-4764-BE31-15364295611E}.Debug|Any CPU.ActiveCfg = Debug|Any CPU
		{A6E2E3DF-478D-4764-BE31-15364295611E}.Debug|Any CPU.Build.0 = Debug|Any CPU
		{A6E2E3DF-478D-4764-BE31-15364295611E}.Release|Any CPU.ActiveCfg = Release|Any CPU
		{A6E2E3DF-478D-4764-BE31-15364295611E}.Release|Any CPU.Build.0 = Release|Any CPU
		{E728F480-BBDD-4B0B-A8B7-5234E097348B}.Debug|Any CPU.ActiveCfg = Debug|Any CPU
		{E728F480-BBDD-4B0B-A8B7-5234E097348B}.Debug|Any CPU.Build.0 = Debug|Any CPU
		{E728F480-BBDD-4B0B-A8B7-5234E097348B}.Release|Any CPU.ActiveCfg = Release|Any CPU
		{E728F480-BBDD-4B0B-A8B7-5234E097348B}.Release|Any CPU.Build.0 = Release|Any CPU
		{54E3D2E2-5904-431C-8EED-C6D3943F2437}.Debug|Any CPU.ActiveCfg = Debug|Any CPU
		{54E3D2E2-5904-431C-8EED-C6D3943F2437}.Debug|Any CPU.Build.0 = Debug|Any CPU
		{54E3D2E2-5904-431C-8EED-C6D3943F2437}.Release|Any CPU.ActiveCfg = Release|Any CPU
		{54E3D2E2-5904-431C-8EED-C6D3943F2437}.Release|Any CPU.Build.0 = Release|Any CPU
		{008B5532-DACD-4BF1-A306-8F4151D99635}.Debug|Any CPU.ActiveCfg = Debug|Any CPU
		{008B5532-DACD-4BF1-A306-8F4151D99635}.Debug|Any CPU.Build.0 = Debug|Any CPU
		{008B5532-DACD-4BF1-A306-8F4151D99635}.Release|Any CPU.ActiveCfg = Release|Any CPU
		{008B5532-DACD-4BF1-A306-8F4151D99635}.Release|Any CPU.Build.0 = Release|Any CPU
	EndGlobalSection
	GlobalSection(SolutionProperties) = preSolution
		HideSolutionNode = FALSE
	EndGlobalSection
	GlobalSection(ExtensibilityGlobals) = postSolution
		SolutionGuid = {6F2551A8-F03E-4B39-9E11-98F1DD887A00}
	EndGlobalSection
EndGlobal
