
Microsoft Visual Studio Solution File, Format Version 12.00
# Visual Studio Version 16
VisualStudioVersion = 16.0.30330.147
MinimumVisualStudioVersion = 10.0.40219.1
Project("{9A19103F-16F7-4668-BE54-9A1E7A4F7556}") = "Client.Blazor", "Client.Blazor\Client.Blazor.csproj", "{9FE15960-AF7B-4A10-B602-6D793DCB1DFE}"
EndProject
Project("{9A19103F-16F7-4668-BE54-9A1E7A4F7556}") = "Agridea.ProductInfo", "Agridea.ProductInfo\Agridea.ProductInfo.csproj", "{CFB7652F-CF7F-45EA-AC67-22CB352B9F69}"
EndProject
Project("{2150E333-8FDC-42A3-9474-1A3956D46DE8}") = "Solution Items", "Solution Items", "{BE7D6FD7-1C72-48DB-806A-3CEF6C9223B5}"
	ProjectSection(SolutionItems) = preProject
		README.md = README.md
		Update-ProducInfo.ps1 = Update-ProducInfo.ps1
	EndProjectSection
EndProject
Global
	GlobalSection(SolutionConfigurationPlatforms) = preSolution
		Debug|Any CPU = Debug|Any CPU
		Release|Any CPU = Release|Any CPU
	EndGlobalSection
	GlobalSection(ProjectConfigurationPlatforms) = postSolution
		{9FE15960-AF7B-4A10-B602-6D793DCB1DFE}.Debug|Any CPU.ActiveCfg = Debug|Any CPU
		{9FE15960-AF7B-4A10-B602-6D793DCB1DFE}.Debug|Any CPU.Build.0 = Debug|Any CPU
		{9FE15960-AF7B-4A10-B602-6D793DCB1DFE}.Release|Any CPU.ActiveCfg = Release|Any CPU
		{9FE15960-AF7B-4A10-B602-6D793DCB1DFE}.Release|Any CPU.Build.0 = Release|Any CPU
		{CFB7652F-CF7F-45EA-AC67-22CB352B9F69}.Debug|Any CPU.ActiveCfg = Debug|Any CPU
		{CFB7652F-CF7F-45EA-AC67-22CB352B9F69}.Debug|Any CPU.Build.0 = Debug|Any CPU
		{CFB7652F-CF7F-45EA-AC67-22CB352B9F69}.Release|Any CPU.ActiveCfg = Release|Any CPU
		{CFB7652F-CF7F-45EA-AC67-22CB352B9F69}.Release|Any CPU.Build.0 = Release|Any CPU
	EndGlobalSection
	GlobalSection(SolutionProperties) = preSolution
		HideSolutionNode = FALSE
	EndGlobalSection
	GlobalSection(ExtensibilityGlobals) = postSolution
		SolutionGuid = {6F2551A8-F03E-4B39-9E11-98F1DD887A00}
	EndGlobalSection
EndGlobal
