
Microsoft Visual Studio Solution File, Format Version 12.00
# Visual Studio Version 16
VisualStudioVersion = 16.0.30330.147
MinimumVisualStudioVersion = 10.0.40219.1
Project("{FAE04EC0-301F-11D3-BF4B-00C04F79EFBC}") = "AcordaControlOffline", "AcordaControlOffline.csproj", "{4B3FC2C2-11C1-4501-9A3A-C5610F37F708}"
EndProject
Global
	GlobalSection(SolutionConfigurationPlatforms) = preSolution
		Debug|Any CPU = Debug|Any CPU
		Release|Any CPU = Release|Any CPU
	EndGlobalSection
	GlobalSection(ProjectConfigurationPlatforms) = postSolution
		{4B3FC2C2-11C1-4501-9A3A-C5610F37F708}.Debug|Any CPU.ActiveCfg = Debug|Any CPU
		{4B3FC2C2-11C1-4501-9A3A-C5610F37F708}.Debug|Any CPU.Build.0 = Debug|Any CPU
		{4B3FC2C2-11C1-4501-9A3A-C5610F37F708}.Release|Any CPU.ActiveCfg = Release|Any CPU
		{4B3FC2C2-11C1-4501-9A3A-C5610F37F708}.Release|Any CPU.Build.0 = Release|Any CPU
	EndGlobalSection
	GlobalSection(SolutionProperties) = preSolution
		HideSolutionNode = FALSE
	EndGlobalSection
	GlobalSection(ExtensibilityGlobals) = postSolution
		SolutionGuid = {6F2551A8-F03E-4B39-9E11-98F1DD887A00}
	EndGlobalSection
EndGlobal
